
Microsoft Visual Studio Solution File, Format Version 12.00
# Visual Studio Version 17
VisualStudioVersion = 17.10.34916.146
MinimumVisualStudioVersion = 10.0.40219.1
Project("{FAE04EC0-301F-11D3-BF4B-00C04F79EFBC}") = "ProNatur-Biomarkt GmbH", "ProNatur-Biomarkt GmbH\ProNatur-Biomarkt GmbH.csproj", "{DA57E242-12E9-40FE-B060-ADFE6B0608A0}"
EndProject
Global
	GlobalSection(SolutionConfigurationPlatforms) = preSolution
		Debug|Any CPU = Debug|Any CPU
		Release|Any CPU = Release|Any CPU
	EndGlobalSection
	GlobalSection(ProjectConfigurationPlatforms) = postSolution
		{DA57E242-12E9-40FE-B060-ADFE6B0608A0}.Debug|Any CPU.ActiveCfg = Debug|Any CPU
		{DA57E242-12E9-40FE-B060-ADFE6B0608A0}.Debug|Any CPU.Build.0 = Debug|Any CPU
		{DA57E242-12E9-40FE-B060-ADFE6B0608A0}.Release|Any CPU.ActiveCfg = Release|Any CPU
		{DA57E242-12E9-40FE-B060-ADFE6B0608A0}.Release|Any CPU.Build.0 = Release|Any CPU
	EndGlobalSection
	GlobalSection(SolutionProperties) = preSolution
		HideSolutionNode = FALSE
	EndGlobalSection
	GlobalSection(ExtensibilityGlobals) = postSolution
		SolutionGuid = {6EFCD50E-1A92-4085-9157-EA914DEB1A1B}
	EndGlobalSection
EndGlobal
